<?xml version="1.0" encoding="utf-8"?>
<Project ToolsVersion="4.0" xmlns="http://schemas.microsoft.com/developer/msbuild/2003">
  <ItemGroup>
    <Filter Include="Source Files">
      <UniqueIdentifier>{4FC737F1-C7A5-4376-A066-2A32D752A2FF}</UniqueIdentifier>
      <Extensions>cpp;c;cc;cxx;c++;cppm;ixx;def;odl;idl;hpj;bat;asm;asmx</Extensions>
    </Filter>
    <Filter Include="Header Files">
      <UniqueIdentifier>{93995380-89BD-4b04-88EB-625FBE52EBFB}</UniqueIdentifier>
      <Extensions>h;hh;hpp;hxx;h++;hm;inl;inc;ipp;xsd</Extensions>
    </Filter>
    <Filter Include="Resource Files">
      <UniqueIdentifier>{67DA6AB6-F800-4c08-8B7A-83BB121AAD01}</UniqueIdentifier>
      <Extensions>rc;ico;cur;bmp;dlg;rc2;rct;bin;rgs;gif;jpg;jpeg;jpe;resx;tiff;tif;png;wav;mfcribbon-ms</Extensions>
    </Filter>
    <Filter Include="Source Files\Lesson2-22_8">
      <UniqueIdentifier>{227a1bec-1dcb-4842-92b8-b7e0b2fff152}</UniqueIdentifier>
    </Filter>
    <Filter Include="Source Files\Lesson1-21_8">
      <UniqueIdentifier>{e0d44c02-bc60-4fb9-969b-5b6a15af0106}</UniqueIdentifier>
    </Filter>
    <Filter Include="Source Files\Lesson3-24_8">
      <UniqueIdentifier>{7994326d-dd00-411a-93e3-3e14f4608688}</UniqueIdentifier>
    </Filter>
  </ItemGroup>
  <ItemGroup>
    <ClCompile Include="Class-work2.c">
      <Filter>Source Files\Lesson2-22_8</Filter>
    </ClCompile>
    <ClCompile Include="HW2.c">
      <Filter>Source Files\Lesson2-22_8</Filter>
    </ClCompile>
    <ClCompile Include="Class-examples2.c">
      <Filter>Source Files\Lesson2-22_8</Filter>
    </ClCompile>
    <ClCompile Include="HW1.c">
      <Filter>Source Files\Lesson1-21_8</Filter>
    </ClCompile>
    <ClCompile Include="Class-work1.c">
      <Filter>Source Files\Lesson1-21_8</Filter>
    </ClCompile>
    <ClCompile Include="Class-examples1.c">
      <Filter>Source Files\Lesson1-21_8</Filter>
    </ClCompile>
    <ClCompile Include="Class-examples3_1_Files.c">
      <Filter>Source Files\Lesson3-24_8</Filter>
    </ClCompile>
    <ClCompile Include="Class-work3_1_Files.c">
      <Filter>Source Files\Lesson3-24_8</Filter>
    </ClCompile>
    <ClCompile Include="Class-examples3_2_Structures.c">
      <Filter>Source Files\Lesson3-24_8</Filter>
    </ClCompile>
    <ClCompile Include="Class-work3_2_Structures.c">
      <Filter>Source Files\Lesson3-24_8</Filter>
    </ClCompile>
    <ClCompile Include="HW3_1-5.c">
      <Filter>Source Files\Lesson3-24_8</Filter>
    </ClCompile>
    <ClCompile Include="HW3_6-8.c">
      <Filter>Source Files\Lesson3-24_8</Filter>
    </ClCompile>
  </ItemGroup>
</Project>